
Microsoft Visual Studio Solution File, Format Version 12.00
# Visual Studio Version 17
VisualStudioVersion = 17.13.35913.81
MinimumVisualStudioVersion = 10.0.40219.1
Project("{FAE04EC0-301F-11D3-BF4B-00C04F79EFBC}") = "PeopleManager.Web", "PeopleManager.Web\PeopleManager.Web.csproj", "{7C4F0791-C4EF-4325-B303-DA4B6C552243}"
EndProject
Project("{FAE04EC0-301F-11D3-BF4B-00C04F79EFBC}") = "PeopleManager.Core", "PeopleManager.Core\PeopleManager.Core.csproj", "{84083833-4901-46DD-967A-CAE10F36FFF0}"
EndProject
Project("{FAE04EC0-301F-11D3-BF4B-00C04F79EFBC}") = "PeopleManager.Infrastructure", "PeopleManager.Infrastructure\PeopleManager.Infrastructure.csproj", "{E46B915A-CF8E-4DE2-BEDB-F288D57BDE23}"
EndProject
Project("{FAE04EC0-301F-11D3-BF4B-00C04F79EFBC}") = "PeopleManager.Application", "PeopleManager.Application\PeopleManager.Application.csproj", "{B92537C4-2195-411B-AAFB-AAA92EC3C34D}"
EndProject
Global
	GlobalSection(SolutionConfigurationPlatforms) = preSolution
		Debug|Any CPU = Debug|Any CPU
		Release|Any CPU = Release|Any CPU
	EndGlobalSection
	GlobalSection(ProjectConfigurationPlatforms) = postSolution
		{7C4F0791-C4EF-4325-B303-DA4B6C552243}.Debug|Any CPU.ActiveCfg = Debug|Any CPU
		{7C4F0791-C4EF-4325-B303-DA4B6C552243}.Debug|Any CPU.Build.0 = Debug|Any CPU
		{7C4F0791-C4EF-4325-B303-DA4B6C552243}.Release|Any CPU.ActiveCfg = Release|Any CPU
		{7C4F0791-C4EF-4325-B303-DA4B6C552243}.Release|Any CPU.Build.0 = Release|Any CPU
		{84083833-4901-46DD-967A-CAE10F36FFF0}.Debug|Any CPU.ActiveCfg = Debug|Any CPU
		{84083833-4901-46DD-967A-CAE10F36FFF0}.Debug|Any CPU.Build.0 = Debug|Any CPU
		{84083833-4901-46DD-967A-CAE10F36FFF0}.Release|Any CPU.ActiveCfg = Release|Any CPU
		{84083833-4901-46DD-967A-CAE10F36FFF0}.Release|Any CPU.Build.0 = Release|Any CPU
		{E46B915A-CF8E-4DE2-BEDB-F288D57BDE23}.Debug|Any CPU.ActiveCfg = Debug|Any CPU
		{E46B915A-CF8E-4DE2-BEDB-F288D57BDE23}.Debug|Any CPU.Build.0 = Debug|Any CPU
		{E46B915A-CF8E-4DE2-BEDB-F288D57BDE23}.Release|Any CPU.ActiveCfg = Release|Any CPU
		{E46B915A-CF8E-4DE2-BEDB-F288D57BDE23}.Release|Any CPU.Build.0 = Release|Any CPU
		{B92537C4-2195-411B-AAFB-AAA92EC3C34D}.Debug|Any CPU.ActiveCfg = Debug|Any CPU
		{B92537C4-2195-411B-AAFB-AAA92EC3C34D}.Debug|Any CPU.Build.0 = Debug|Any CPU
		{B92537C4-2195-411B-AAFB-AAA92EC3C34D}.Release|Any CPU.ActiveCfg = Release|Any CPU
		{B92537C4-2195-411B-AAFB-AAA92EC3C34D}.Release|Any CPU.Build.0 = Release|Any CPU
	EndGlobalSection
	GlobalSection(SolutionProperties) = preSolution
		HideSolutionNode = FALSE
	EndGlobalSection
	GlobalSection(ExtensibilityGlobals) = postSolution
		SolutionGuid = {B3514FB4-58E7-4818-9F62-D5F1D922EC61}
	EndGlobalSection
EndGlobal
